
Microsoft Visual Studio Solution File, Format Version 12.00
# Visual Studio Version 16
VisualStudioVersion = 16.0.30804.86
MinimumVisualStudioVersion = 10.0.40219.1
Project("{FAE04EC0-301F-11D3-BF4B-00C04F79EFBC}") = "Routes", "Routes\Routes.csproj", "{F6ECA826-845B-46C3-BF1A-9B5718DD5922}"
EndProject
Project("{FAE04EC0-301F-11D3-BF4B-00C04F79EFBC}") = "Datos", "Datos\Datos.csproj", "{128C525F-6B50-4515-98AA-8E66D47B30EC}"
EndProject
Project("{FAE04EC0-301F-11D3-BF4B-00C04F79EFBC}") = "Modelos", "Modelos\Modelos.csproj", "{00CD42AE-89ED-4C5C-A375-005F052136F1}"
EndProject
Global
	GlobalSection(SolutionConfigurationPlatforms) = preSolution
		Debug|Any CPU = Debug|Any CPU
		Release|Any CPU = Release|Any CPU
	EndGlobalSection
	GlobalSection(ProjectConfigurationPlatforms) = postSolution
		{F6ECA826-845B-46C3-BF1A-9B5718DD5922}.Debug|Any CPU.ActiveCfg = Debug|Any CPU
		{F6ECA826-845B-46C3-BF1A-9B5718DD5922}.Debug|Any CPU.Build.0 = Debug|Any CPU
		{F6ECA826-845B-46C3-BF1A-9B5718DD5922}.Release|Any CPU.ActiveCfg = Release|Any CPU
		{F6ECA826-845B-46C3-BF1A-9B5718DD5922}.Release|Any CPU.Build.0 = Release|Any CPU
		{128C525F-6B50-4515-98AA-8E66D47B30EC}.Debug|Any CPU.ActiveCfg = Debug|Any CPU
		{128C525F-6B50-4515-98AA-8E66D47B30EC}.Debug|Any CPU.Build.0 = Debug|Any CPU
		{128C525F-6B50-4515-98AA-8E66D47B30EC}.Release|Any CPU.ActiveCfg = Release|Any CPU
		{128C525F-6B50-4515-98AA-8E66D47B30EC}.Release|Any CPU.Build.0 = Release|Any CPU
		{00CD42AE-89ED-4C5C-A375-005F052136F1}.Debug|Any CPU.ActiveCfg = Debug|Any CPU
		{00CD42AE-89ED-4C5C-A375-005F052136F1}.Debug|Any CPU.Build.0 = Debug|Any CPU
		{00CD42AE-89ED-4C5C-A375-005F052136F1}.Release|Any CPU.ActiveCfg = Release|Any CPU
		{00CD42AE-89ED-4C5C-A375-005F052136F1}.Release|Any CPU.Build.0 = Release|Any CPU
	EndGlobalSection
	GlobalSection(SolutionProperties) = preSolution
		HideSolutionNode = FALSE
	EndGlobalSection
	GlobalSection(ExtensibilityGlobals) = postSolution
		SolutionGuid = {E0688A02-98C2-4396-BA3F-25C7E8F4DBAA}
	EndGlobalSection
EndGlobal
